
Microsoft Visual Studio Solution File, Format Version 12.00
# Visual Studio Version 16
VisualStudioVersion = 16.0.30711.63
MinimumVisualStudioVersion = 10.0.40219.1
Project("{2150E333-8FDC-42A3-9474-1A3956D46DE8}") = "src", "src", "{DEC12E32-EF6E-49A6-960A-A715643C98A1}"
EndProject
Project("{2150E333-8FDC-42A3-9474-1A3956D46DE8}") = "test", "test", "{9721D888-D2B7-4DC0-A902-E44D574A186E}"
EndProject
Project("{2150E333-8FDC-42A3-9474-1A3956D46DE8}") = "Application", "Application", "{2DB4B749-8A12-423C-AE44-C5648E44CA74}"
EndProject
Project("{2150E333-8FDC-42A3-9474-1A3956D46DE8}") = "Domain", "Domain", "{4A1DC475-AE24-4511-B556-13C16B4B40BC}"
EndProject
Project("{2150E333-8FDC-42A3-9474-1A3956D46DE8}") = "Infrastucture", "Infrastucture", "{1763B2DD-800A-404E-8018-54266CDEBC2F}"
EndProject
Project("{2150E333-8FDC-42A3-9474-1A3956D46DE8}") = "Presentation", "Presentation", "{3D400E8A-1D28-402E-8284-DB9889D855DE}"
EndProject
Project("{9A19103F-16F7-4668-BE54-9A1E7A4F7556}") = "NotificationManagement.Domain", "src\Domain\NotificationManagement.Domain\NotificationManagement.Domain.csproj", "{B95677EA-BC84-4CB8-9AA2-ED755153F0FC}"
EndProject
Project("{2150E333-8FDC-42A3-9474-1A3956D46DE8}") = "Common", "Common", "{1E096D4A-AD44-420C-8990-044E8B442CA5}"
EndProject
Project("{9A19103F-16F7-4668-BE54-9A1E7A4F7556}") = "Common.Core", "Common\Common.Core\Common.Core.csproj", "{53071694-3D57-4782-912C-BD8D9B43B924}"
EndProject
Project("{9A19103F-16F7-4668-BE54-9A1E7A4F7556}") = "Common.Domain", "Common\Common.Domain\Common.Domain.csproj", "{2CEC0DED-22A0-4B39-A891-9CC9EA35A8C9}"
EndProject
Project("{9A19103F-16F7-4668-BE54-9A1E7A4F7556}") = "NotificationManagement.Config", "src\Infrastructure\NotificationManager.Config\NotificationManagement.Config.csproj", "{10FA5B05-EB11-4265-B4C4-3096B9E9F424}"
EndProject
Project("{9A19103F-16F7-4668-BE54-9A1E7A4F7556}") = "Common.Application", "Common\Common.Application\Common.Application.csproj", "{9D4D13D6-7BD0-4BE3-B039-3E135758048F}"
EndProject
Project("{9A19103F-16F7-4668-BE54-9A1E7A4F7556}") = "Common.MongoDb", "Common\Common.MongoDb\Common.MongoDb.csproj", "{CAA479F0-F4AC-4F6B-BC6A-3E77B4FDA514}"
EndProject
Project("{9A19103F-16F7-4668-BE54-9A1E7A4F7556}") = "NotificationManagement.Persistence.Mongo", "src\Infrastructure\NotificationManagement.Persistence.Mongo\NotificationManagement.Persistence.Mongo.csproj", "{B1E3A766-431A-4FBB-AE12-D5990AC37580}"
EndProject
Project("{9A19103F-16F7-4668-BE54-9A1E7A4F7556}") = "Common.Query", "Common\Common.Query\Common.Query.csproj", "{B76C93A1-66DC-4644-99D2-809021A31B3A}"
EndProject
Project("{9A19103F-16F7-4668-BE54-9A1E7A4F7556}") = "Common.Application.Contract", "Common\Common.Application.Contract\Common.Application.Contract.csproj", "{42E340BB-E1C1-4DA4-8C51-0E7B1AA93DBA}"
EndProject
Project("{9A19103F-16F7-4668-BE54-9A1E7A4F7556}") = "NotificationManagement.Application", "src\Application\NotificationManagement.Application\NotificationManagement.Application.csproj", "{CA79A1F6-3871-4C3A-9BA9-31A5F56BC39E}"
EndProject
Project("{9A19103F-16F7-4668-BE54-9A1E7A4F7556}") = "NotificationManagement.Presentation.Api", "src\Presentation\NotificationManagement.Presentation.Api\NotificationManagement.Presentation.Api.csproj", "{75FD5EE6-E8EA-4A5C-AE56-75B4B91F10D0}"
EndProject
Project("{9A19103F-16F7-4668-BE54-9A1E7A4F7556}") = "Common.AspNetCore", "Common\Common.AspNetCore\Common.AspNetCore.csproj", "{38F3BB67-B93D-4837-9F6F-DBAA8079D794}"
EndProject
Project("{9A19103F-16F7-4668-BE54-9A1E7A4F7556}") = "Common.Authentication", "Common\GatewayAuthentication\Common.Authentication.csproj", "{E3C167EE-7517-4FC2-8698-E872210F1DDB}"
EndProject
Project("{9A19103F-16F7-4668-BE54-9A1E7A4F7556}") = "CacheHelper", "Common\CacheHelper\CacheHelper.csproj", "{8D2BE386-7375-479D-BCB5-24CA362ADF75}"
EndProject
Project("{9A19103F-16F7-4668-BE54-9A1E7A4F7556}") = "Common.Swagger", "Common\Common.Swagger\Common.Swagger.csproj", "{AE87E054-55C7-4517-B12B-5A6610B4E476}"
EndProject
Project("{9A19103F-16F7-4668-BE54-9A1E7A4F7556}") = "Consul.KeyValue.Helper", "Common\Consul.KeyValue.Helper\Consul.KeyValue.Helper.csproj", "{EBC7124A-8AD8-46B1-96C8-A5869CFADB5E}"
EndProject
Project("{9A19103F-16F7-4668-BE54-9A1E7A4F7556}") = "RabbitMQHelper", "Common\RabbitMQHelper\RabbitMQHelper.csproj", "{B0E8861C-B810-48D2-9FC1-CAF1BAAD6384}"
EndProject
Project("{9A19103F-16F7-4668-BE54-9A1E7A4F7556}") = "RedisConnectionHelper", "Common\RedisConnectionHelper\RedisConnectionHelper.csproj", "{0BA2D02F-AA6C-481C-81F5-044E3A5CE9F3}"
EndProject
Project("{9A19103F-16F7-4668-BE54-9A1E7A4F7556}") = "ObjectPoolHelper", "Common\ObjectPoolHelper\ObjectPoolHelper.csproj", "{A5FA5B21-EF70-424A-97AC-57EB99CA0F02}"
EndProject
Project("{9A19103F-16F7-4668-BE54-9A1E7A4F7556}") = "ServiceHost", "src\ServiceHost\ServiceHost.csproj", "{7EE9A52C-6EEB-4C93-A3E2-DC9214D82106}"
EndProject
Project("{9A19103F-16F7-4668-BE54-9A1E7A4F7556}") = "NotificationManagement.Presentation.Api.GRPC", "src\Presentation\NotificationManagement.Presentation.Api.GRPC\NotificationManagement.Presentation.Api.GRPC.csproj", "{7D89A958-93DF-4436-BBAD-62AC1F40D999}"
EndProject
Project("{9A19103F-16F7-4668-BE54-9A1E7A4F7556}") = "NotificationManagement.Presentation.Api.GRPC.SDK", "src\Presentation\NotificationManagement.Presentation.Api.GRPC.SDK\NotificationManagement.Presentation.Api.GRPC.SDK.csproj", "{1C4D8F05-D925-4657-9F09-C801B1563C9C}"
EndProject
Project("{FAE04EC0-301F-11D3-BF4B-00C04F79EFBC}") = "NotificationManagement.Domain.Tests.Unit", "test\NotificationManagement.Domain.Tests.Unit\NotificationManagement.Domain.Tests.Unit.csproj", "{7D304F61-931B-4BD2-A0FF-9E3B242F7CFB}"
EndProject
Global
	GlobalSection(SolutionConfigurationPlatforms) = preSolution
		Debug|Any CPU = Debug|Any CPU
		Release|Any CPU = Release|Any CPU
	EndGlobalSection
	GlobalSection(ProjectConfigurationPlatforms) = postSolution
		{B95677EA-BC84-4CB8-9AA2-ED755153F0FC}.Debug|Any CPU.ActiveCfg = Debug|Any CPU
		{B95677EA-BC84-4CB8-9AA2-ED755153F0FC}.Debug|Any CPU.Build.0 = Debug|Any CPU
		{B95677EA-BC84-4CB8-9AA2-ED755153F0FC}.Release|Any CPU.ActiveCfg = Release|Any CPU
		{B95677EA-BC84-4CB8-9AA2-ED755153F0FC}.Release|Any CPU.Build.0 = Release|Any CPU
		{53071694-3D57-4782-912C-BD8D9B43B924}.Debug|Any CPU.ActiveCfg = Debug|Any CPU
		{53071694-3D57-4782-912C-BD8D9B43B924}.Debug|Any CPU.Build.0 = Debug|Any CPU
		{53071694-3D57-4782-912C-BD8D9B43B924}.Release|Any CPU.ActiveCfg = Release|Any CPU
		{53071694-3D57-4782-912C-BD8D9B43B924}.Release|Any CPU.Build.0 = Release|Any CPU
		{2CEC0DED-22A0-4B39-A891-9CC9EA35A8C9}.Debug|Any CPU.ActiveCfg = Debug|Any CPU
		{2CEC0DED-22A0-4B39-A891-9CC9EA35A8C9}.Debug|Any CPU.Build.0 = Debug|Any CPU
		{2CEC0DED-22A0-4B39-A891-9CC9EA35A8C9}.Release|Any CPU.ActiveCfg = Release|Any CPU
		{2CEC0DED-22A0-4B39-A891-9CC9EA35A8C9}.Release|Any CPU.Build.0 = Release|Any CPU
		{10FA5B05-EB11-4265-B4C4-3096B9E9F424}.Debug|Any CPU.ActiveCfg = Debug|Any CPU
		{10FA5B05-EB11-4265-B4C4-3096B9E9F424}.Debug|Any CPU.Build.0 = Debug|Any CPU
		{10FA5B05-EB11-4265-B4C4-3096B9E9F424}.Release|Any CPU.ActiveCfg = Release|Any CPU
		{10FA5B05-EB11-4265-B4C4-3096B9E9F424}.Release|Any CPU.Build.0 = Release|Any CPU
		{9D4D13D6-7BD0-4BE3-B039-3E135758048F}.Debug|Any CPU.ActiveCfg = Debug|Any CPU
		{9D4D13D6-7BD0-4BE3-B039-3E135758048F}.Debug|Any CPU.Build.0 = Debug|Any CPU
		{9D4D13D6-7BD0-4BE3-B039-3E135758048F}.Release|Any CPU.ActiveCfg = Release|Any CPU
		{9D4D13D6-7BD0-4BE3-B039-3E135758048F}.Release|Any CPU.Build.0 = Release|Any CPU
		{CAA479F0-F4AC-4F6B-BC6A-3E77B4FDA514}.Debug|Any CPU.ActiveCfg = Debug|Any CPU
		{CAA479F0-F4AC-4F6B-BC6A-3E77B4FDA514}.Debug|Any CPU.Build.0 = Debug|Any CPU
		{CAA479F0-F4AC-4F6B-BC6A-3E77B4FDA514}.Release|Any CPU.ActiveCfg = Release|Any CPU
		{CAA479F0-F4AC-4F6B-BC6A-3E77B4FDA514}.Release|Any CPU.Build.0 = Release|Any CPU
		{B1E3A766-431A-4FBB-AE12-D5990AC37580}.Debug|Any CPU.ActiveCfg = Debug|Any CPU
		{B1E3A766-431A-4FBB-AE12-D5990AC37580}.Debug|Any CPU.Build.0 = Debug|Any CPU
		{B1E3A766-431A-4FBB-AE12-D5990AC37580}.Release|Any CPU.ActiveCfg = Release|Any CPU
		{B1E3A766-431A-4FBB-AE12-D5990AC37580}.Release|Any CPU.Build.0 = Release|Any CPU
		{B76C93A1-66DC-4644-99D2-809021A31B3A}.Debug|Any CPU.ActiveCfg = Debug|Any CPU
		{B76C93A1-66DC-4644-99D2-809021A31B3A}.Debug|Any CPU.Build.0 = Debug|Any CPU
		{B76C93A1-66DC-4644-99D2-809021A31B3A}.Release|Any CPU.ActiveCfg = Release|Any CPU
		{B76C93A1-66DC-4644-99D2-809021A31B3A}.Release|Any CPU.Build.0 = Release|Any CPU
		{42E340BB-E1C1-4DA4-8C51-0E7B1AA93DBA}.Debug|Any CPU.ActiveCfg = Debug|Any CPU
		{42E340BB-E1C1-4DA4-8C51-0E7B1AA93DBA}.Debug|Any CPU.Build.0 = Debug|Any CPU
		{42E340BB-E1C1-4DA4-8C51-0E7B1AA93DBA}.Release|Any CPU.ActiveCfg = Release|Any CPU
		{42E340BB-E1C1-4DA4-8C51-0E7B1AA93DBA}.Release|Any CPU.Build.0 = Release|Any CPU
		{CA79A1F6-3871-4C3A-9BA9-31A5F56BC39E}.Debug|Any CPU.ActiveCfg = Debug|Any CPU
		{CA79A1F6-3871-4C3A-9BA9-31A5F56BC39E}.Debug|Any CPU.Build.0 = Debug|Any CPU
		{CA79A1F6-3871-4C3A-9BA9-31A5F56BC39E}.Release|Any CPU.ActiveCfg = Release|Any CPU
		{CA79A1F6-3871-4C3A-9BA9-31A5F56BC39E}.Release|Any CPU.Build.0 = Release|Any CPU
		{75FD5EE6-E8EA-4A5C-AE56-75B4B91F10D0}.Debug|Any CPU.ActiveCfg = Debug|Any CPU
		{75FD5EE6-E8EA-4A5C-AE56-75B4B91F10D0}.Debug|Any CPU.Build.0 = Debug|Any CPU
		{75FD5EE6-E8EA-4A5C-AE56-75B4B91F10D0}.Release|Any CPU.ActiveCfg = Release|Any CPU
		{75FD5EE6-E8EA-4A5C-AE56-75B4B91F10D0}.Release|Any CPU.Build.0 = Release|Any CPU
		{38F3BB67-B93D-4837-9F6F-DBAA8079D794}.Debug|Any CPU.ActiveCfg = Debug|Any CPU
		{38F3BB67-B93D-4837-9F6F-DBAA8079D794}.Debug|Any CPU.Build.0 = Debug|Any CPU
		{38F3BB67-B93D-4837-9F6F-DBAA8079D794}.Release|Any CPU.ActiveCfg = Release|Any CPU
		{38F3BB67-B93D-4837-9F6F-DBAA8079D794}.Release|Any CPU.Build.0 = Release|Any CPU
		{E3C167EE-7517-4FC2-8698-E872210F1DDB}.Debug|Any CPU.ActiveCfg = Debug|Any CPU
		{E3C167EE-7517-4FC2-8698-E872210F1DDB}.Debug|Any CPU.Build.0 = Debug|Any CPU
		{E3C167EE-7517-4FC2-8698-E872210F1DDB}.Release|Any CPU.ActiveCfg = Release|Any CPU
		{E3C167EE-7517-4FC2-8698-E872210F1DDB}.Release|Any CPU.Build.0 = Release|Any CPU
		{8D2BE386-7375-479D-BCB5-24CA362ADF75}.Debug|Any CPU.ActiveCfg = Debug|Any CPU
		{8D2BE386-7375-479D-BCB5-24CA362ADF75}.Debug|Any CPU.Build.0 = Debug|Any CPU
		{8D2BE386-7375-479D-BCB5-24CA362ADF75}.Release|Any CPU.ActiveCfg = Release|Any CPU
		{8D2BE386-7375-479D-BCB5-24CA362ADF75}.Release|Any CPU.Build.0 = Release|Any CPU
		{AE87E054-55C7-4517-B12B-5A6610B4E476}.Debug|Any CPU.ActiveCfg = Debug|Any CPU
		{AE87E054-55C7-4517-B12B-5A6610B4E476}.Debug|Any CPU.Build.0 = Debug|Any CPU
		{AE87E054-55C7-4517-B12B-5A6610B4E476}.Release|Any CPU.ActiveCfg = Release|Any CPU
		{AE87E054-55C7-4517-B12B-5A6610B4E476}.Release|Any CPU.Build.0 = Release|Any CPU
		{EBC7124A-8AD8-46B1-96C8-A5869CFADB5E}.Debug|Any CPU.ActiveCfg = Debug|Any CPU
		{EBC7124A-8AD8-46B1-96C8-A5869CFADB5E}.Debug|Any CPU.Build.0 = Debug|Any CPU
		{EBC7124A-8AD8-46B1-96C8-A5869CFADB5E}.Release|Any CPU.ActiveCfg = Release|Any CPU
		{EBC7124A-8AD8-46B1-96C8-A5869CFADB5E}.Release|Any CPU.Build.0 = Release|Any CPU
		{B0E8861C-B810-48D2-9FC1-CAF1BAAD6384}.Debug|Any CPU.ActiveCfg = Debug|Any CPU
		{B0E8861C-B810-48D2-9FC1-CAF1BAAD6384}.Debug|Any CPU.Build.0 = Debug|Any CPU
		{B0E8861C-B810-48D2-9FC1-CAF1BAAD6384}.Release|Any CPU.ActiveCfg = Release|Any CPU
		{B0E8861C-B810-48D2-9FC1-CAF1BAAD6384}.Release|Any CPU.Build.0 = Release|Any CPU
		{0BA2D02F-AA6C-481C-81F5-044E3A5CE9F3}.Debug|Any CPU.ActiveCfg = Debug|Any CPU
		{0BA2D02F-AA6C-481C-81F5-044E3A5CE9F3}.Debug|Any CPU.Build.0 = Debug|Any CPU
		{0BA2D02F-AA6C-481C-81F5-044E3A5CE9F3}.Release|Any CPU.ActiveCfg = Release|Any CPU
		{0BA2D02F-AA6C-481C-81F5-044E3A5CE9F3}.Release|Any CPU.Build.0 = Release|Any CPU
		{A5FA5B21-EF70-424A-97AC-57EB99CA0F02}.Debug|Any CPU.ActiveCfg = Debug|Any CPU
		{A5FA5B21-EF70-424A-97AC-57EB99CA0F02}.Debug|Any CPU.Build.0 = Debug|Any CPU
		{A5FA5B21-EF70-424A-97AC-57EB99CA0F02}.Release|Any CPU.ActiveCfg = Release|Any CPU
		{A5FA5B21-EF70-424A-97AC-57EB99CA0F02}.Release|Any CPU.Build.0 = Release|Any CPU
		{7EE9A52C-6EEB-4C93-A3E2-DC9214D82106}.Debug|Any CPU.ActiveCfg = Debug|Any CPU
		{7EE9A52C-6EEB-4C93-A3E2-DC9214D82106}.Debug|Any CPU.Build.0 = Debug|Any CPU
		{7EE9A52C-6EEB-4C93-A3E2-DC9214D82106}.Release|Any CPU.ActiveCfg = Release|Any CPU
		{7EE9A52C-6EEB-4C93-A3E2-DC9214D82106}.Release|Any CPU.Build.0 = Release|Any CPU
		{7D89A958-93DF-4436-BBAD-62AC1F40D999}.Debug|Any CPU.ActiveCfg = Debug|Any CPU
		{7D89A958-93DF-4436-BBAD-62AC1F40D999}.Debug|Any CPU.Build.0 = Debug|Any CPU
		{7D89A958-93DF-4436-BBAD-62AC1F40D999}.Release|Any CPU.ActiveCfg = Release|Any CPU
		{7D89A958-93DF-4436-BBAD-62AC1F40D999}.Release|Any CPU.Build.0 = Release|Any CPU
		{1C4D8F05-D925-4657-9F09-C801B1563C9C}.Debug|Any CPU.ActiveCfg = Debug|Any CPU
		{1C4D8F05-D925-4657-9F09-C801B1563C9C}.Debug|Any CPU.Build.0 = Debug|Any CPU
		{1C4D8F05-D925-4657-9F09-C801B1563C9C}.Release|Any CPU.ActiveCfg = Release|Any CPU
		{1C4D8F05-D925-4657-9F09-C801B1563C9C}.Release|Any CPU.Build.0 = Release|Any CPU
		{7D304F61-931B-4BD2-A0FF-9E3B242F7CFB}.Debug|Any CPU.ActiveCfg = Debug|Any CPU
		{7D304F61-931B-4BD2-A0FF-9E3B242F7CFB}.Debug|Any CPU.Build.0 = Debug|Any CPU
		{7D304F61-931B-4BD2-A0FF-9E3B242F7CFB}.Release|Any CPU.ActiveCfg = Release|Any CPU
		{7D304F61-931B-4BD2-A0FF-9E3B242F7CFB}.Release|Any CPU.Build.0 = Release|Any CPU
	EndGlobalSection
	GlobalSection(SolutionProperties) = preSolution
		HideSolutionNode = FALSE
	EndGlobalSection
	GlobalSection(NestedProjects) = preSolution
		{2DB4B749-8A12-423C-AE44-C5648E44CA74} = {DEC12E32-EF6E-49A6-960A-A715643C98A1}
		{4A1DC475-AE24-4511-B556-13C16B4B40BC} = {DEC12E32-EF6E-49A6-960A-A715643C98A1}
		{1763B2DD-800A-404E-8018-54266CDEBC2F} = {DEC12E32-EF6E-49A6-960A-A715643C98A1}
		{3D400E8A-1D28-402E-8284-DB9889D855DE} = {DEC12E32-EF6E-49A6-960A-A715643C98A1}
		{B95677EA-BC84-4CB8-9AA2-ED755153F0FC} = {4A1DC475-AE24-4511-B556-13C16B4B40BC}
		{53071694-3D57-4782-912C-BD8D9B43B924} = {1E096D4A-AD44-420C-8990-044E8B442CA5}
		{2CEC0DED-22A0-4B39-A891-9CC9EA35A8C9} = {1E096D4A-AD44-420C-8990-044E8B442CA5}
		{10FA5B05-EB11-4265-B4C4-3096B9E9F424} = {1763B2DD-800A-404E-8018-54266CDEBC2F}
		{9D4D13D6-7BD0-4BE3-B039-3E135758048F} = {1E096D4A-AD44-420C-8990-044E8B442CA5}
		{CAA479F0-F4AC-4F6B-BC6A-3E77B4FDA514} = {1E096D4A-AD44-420C-8990-044E8B442CA5}
		{B1E3A766-431A-4FBB-AE12-D5990AC37580} = {1763B2DD-800A-404E-8018-54266CDEBC2F}
		{B76C93A1-66DC-4644-99D2-809021A31B3A} = {1E096D4A-AD44-420C-8990-044E8B442CA5}
		{42E340BB-E1C1-4DA4-8C51-0E7B1AA93DBA} = {1E096D4A-AD44-420C-8990-044E8B442CA5}
		{CA79A1F6-3871-4C3A-9BA9-31A5F56BC39E} = {2DB4B749-8A12-423C-AE44-C5648E44CA74}
		{75FD5EE6-E8EA-4A5C-AE56-75B4B91F10D0} = {3D400E8A-1D28-402E-8284-DB9889D855DE}
		{38F3BB67-B93D-4837-9F6F-DBAA8079D794} = {1E096D4A-AD44-420C-8990-044E8B442CA5}
		{E3C167EE-7517-4FC2-8698-E872210F1DDB} = {1E096D4A-AD44-420C-8990-044E8B442CA5}
		{8D2BE386-7375-479D-BCB5-24CA362ADF75} = {1E096D4A-AD44-420C-8990-044E8B442CA5}
		{AE87E054-55C7-4517-B12B-5A6610B4E476} = {1E096D4A-AD44-420C-8990-044E8B442CA5}
		{EBC7124A-8AD8-46B1-96C8-A5869CFADB5E} = {1E096D4A-AD44-420C-8990-044E8B442CA5}
		{B0E8861C-B810-48D2-9FC1-CAF1BAAD6384} = {1E096D4A-AD44-420C-8990-044E8B442CA5}
		{0BA2D02F-AA6C-481C-81F5-044E3A5CE9F3} = {1E096D4A-AD44-420C-8990-044E8B442CA5}
		{A5FA5B21-EF70-424A-97AC-57EB99CA0F02} = {1E096D4A-AD44-420C-8990-044E8B442CA5}
		{7EE9A52C-6EEB-4C93-A3E2-DC9214D82106} = {DEC12E32-EF6E-49A6-960A-A715643C98A1}
		{7D89A958-93DF-4436-BBAD-62AC1F40D999} = {3D400E8A-1D28-402E-8284-DB9889D855DE}
		{1C4D8F05-D925-4657-9F09-C801B1563C9C} = {3D400E8A-1D28-402E-8284-DB9889D855DE}
		{7D304F61-931B-4BD2-A0FF-9E3B242F7CFB} = {9721D888-D2B7-4DC0-A902-E44D574A186E}
	EndGlobalSection
	GlobalSection(ExtensibilityGlobals) = postSolution
		SolutionGuid = {AD5D97E1-06C6-4B6D-BEF1-B060520936EA}
	EndGlobalSection
EndGlobal
